
Microsoft Visual Studio Solution File, Format Version 12.00
# Visual Studio Version 17
VisualStudioVersion = 17.14.37027.9
MinimumVisualStudioVersion = 10.0.40219.1
Project("{FAE04EC0-301F-11D3-BF4B-00C04F79EFBC}") = "ITVDN-ASP.NET-CORE-SIGNALR", "ITVDN-ASP.NET-CORE-SIGNALR\ITVDN-ASP.NET-CORE-SIGNALR.csproj", "{13E494C8-19C4-466C-90E9-6E08AA328A8A}"
EndProject
Project("{FAE04EC0-301F-11D3-BF4B-00C04F79EFBC}") = "WebClientSignalR", "WebClientSignalR\WebClientSignalR.csproj", "{7A80193D-1067-4374-9F2F-297CC16A5D0F}"
EndProject
Global
	GlobalSection(SolutionConfigurationPlatforms) = preSolution
		Debug|Any CPU = Debug|Any CPU
		Release|Any CPU = Release|Any CPU
	EndGlobalSection
	GlobalSection(ProjectConfigurationPlatforms) = postSolution
		{13E494C8-19C4-466C-90E9-6E08AA328A8A}.Debug|Any CPU.ActiveCfg = Debug|Any CPU
		{13E494C8-19C4-466C-90E9-6E08AA328A8A}.Debug|Any CPU.Build.0 = Debug|Any CPU
		{13E494C8-19C4-466C-90E9-6E08AA328A8A}.Release|Any CPU.ActiveCfg = Release|Any CPU
		{13E494C8-19C4-466C-90E9-6E08AA328A8A}.Release|Any CPU.Build.0 = Release|Any CPU
		{7A80193D-1067-4374-9F2F-297CC16A5D0F}.Debug|Any CPU.ActiveCfg = Debug|Any CPU
		{7A80193D-1067-4374-9F2F-297CC16A5D0F}.Debug|Any CPU.Build.0 = Debug|Any CPU
		{7A80193D-1067-4374-9F2F-297CC16A5D0F}.Release|Any CPU.ActiveCfg = Release|Any CPU
		{7A80193D-1067-4374-9F2F-297CC16A5D0F}.Release|Any CPU.Build.0 = Release|Any CPU
	EndGlobalSection
	GlobalSection(SolutionProperties) = preSolution
		HideSolutionNode = FALSE
	EndGlobalSection
	GlobalSection(ExtensibilityGlobals) = postSolution
		SolutionGuid = {FB65CD5A-289E-4CA1-A9E4-26C3A994E839}
	EndGlobalSection
EndGlobal
